
Microsoft Visual Studio Solution File, Format Version 12.00
Project("{FAE04EC0-301F-11D3-BF4B-00C04F79EFBC}") = "LogiTracker.API", "LogiTracker.API\LogiTracker.API.csproj", "{A2CAEDB9-2A40-4BF5-BAE1-1415AB5AEDC7}"
EndProject
Project("{FAE04EC0-301F-11D3-BF4B-00C04F79EFBC}") = "LogiTracker.Application", "LogiTracker.Application\LogiTracker.Application.csproj", "{C7DF3331-1D65-4463-83E9-F2EBA54FDC30}"
EndProject
Project("{FAE04EC0-301F-11D3-BF4B-00C04F79EFBC}") = "LogiTracker.Infrastructure", "LogiTracker.Infrastructure\LogiTracker.Infrastructure.csproj", "{DC09C71E-982A-4F35-AD47-0E71D4D4091D}"
EndProject
Project("{FAE04EC0-301F-11D3-BF4B-00C04F79EFBC}") = "LogiTracker.Domain", "LogiTracker.Domain\LogiTracker.Domain.csproj", "{4F9869E6-43AB-4DA8-AC90-3138CDA44D25}"
EndProject
Global
	GlobalSection(SolutionConfigurationPlatforms) = preSolution
		Debug|Any CPU = Debug|Any CPU
		Release|Any CPU = Release|Any CPU
	EndGlobalSection
	GlobalSection(ProjectConfigurationPlatforms) = postSolution
		{A2CAEDB9-2A40-4BF5-BAE1-1415AB5AEDC7}.Debug|Any CPU.ActiveCfg = Debug|Any CPU
		{A2CAEDB9-2A40-4BF5-BAE1-1415AB5AEDC7}.Debug|Any CPU.Build.0 = Debug|Any CPU
		{A2CAEDB9-2A40-4BF5-BAE1-1415AB5AEDC7}.Release|Any CPU.ActiveCfg = Release|Any CPU
		{A2CAEDB9-2A40-4BF5-BAE1-1415AB5AEDC7}.Release|Any CPU.Build.0 = Release|Any CPU
		{C7DF3331-1D65-4463-83E9-F2EBA54FDC30}.Debug|Any CPU.ActiveCfg = Debug|Any CPU
		{C7DF3331-1D65-4463-83E9-F2EBA54FDC30}.Debug|Any CPU.Build.0 = Debug|Any CPU
		{C7DF3331-1D65-4463-83E9-F2EBA54FDC30}.Release|Any CPU.ActiveCfg = Release|Any CPU
		{C7DF3331-1D65-4463-83E9-F2EBA54FDC30}.Release|Any CPU.Build.0 = Release|Any CPU
		{DC09C71E-982A-4F35-AD47-0E71D4D4091D}.Debug|Any CPU.ActiveCfg = Debug|Any CPU
		{DC09C71E-982A-4F35-AD47-0E71D4D4091D}.Debug|Any CPU.Build.0 = Debug|Any CPU
		{DC09C71E-982A-4F35-AD47-0E71D4D4091D}.Release|Any CPU.ActiveCfg = Release|Any CPU
		{DC09C71E-982A-4F35-AD47-0E71D4D4091D}.Release|Any CPU.Build.0 = Release|Any CPU
		{4F9869E6-43AB-4DA8-AC90-3138CDA44D25}.Debug|Any CPU.ActiveCfg = Debug|Any CPU
		{4F9869E6-43AB-4DA8-AC90-3138CDA44D25}.Debug|Any CPU.Build.0 = Debug|Any CPU
		{4F9869E6-43AB-4DA8-AC90-3138CDA44D25}.Release|Any CPU.ActiveCfg = Release|Any CPU
		{4F9869E6-43AB-4DA8-AC90-3138CDA44D25}.Release|Any CPU.Build.0 = Release|Any CPU
	EndGlobalSection
EndGlobal
